
Microsoft Visual Studio Solution File, Format Version 12.00
# Visual Studio Version 17
VisualStudioVersion = 17.6.33829.357
MinimumVisualStudioVersion = 10.0.40219.1
Project("{FAE04EC0-301F-11D3-BF4B-00C04F79EFBC}") = "Vidly", "Vidly\Vidly.csproj", "{FB61F0BA-90B9-43BA-92F4-83FC2436459E}"
EndProject
Global
	GlobalSection(SolutionConfigurationPlatforms) = preSolution
		Debug|Any CPU = Debug|Any CPU
		Release|Any CPU = Release|Any CPU
	EndGlobalSection
	GlobalSection(ProjectConfigurationPlatforms) = postSolution
		{FB61F0BA-90B9-43BA-92F4-83FC2436459E}.Debug|Any CPU.ActiveCfg = Debug|Any CPU
		{FB61F0BA-90B9-43BA-92F4-83FC2436459E}.Debug|Any CPU.Build.0 = Debug|Any CPU
		{FB61F0BA-90B9-43BA-92F4-83FC2436459E}.Release|Any CPU.ActiveCfg = Release|Any CPU
		{FB61F0BA-90B9-43BA-92F4-83FC2436459E}.Release|Any CPU.Build.0 = Release|Any CPU
	EndGlobalSection
	GlobalSection(SolutionProperties) = preSolution
		HideSolutionNode = FALSE
	EndGlobalSection
	GlobalSection(ExtensibilityGlobals) = postSolution
		SolutionGuid = {399EA621-613C-4FB2-98B5-F72DD4998110}
	EndGlobalSection
EndGlobal
